
Microsoft Visual Studio Solution File, Format Version 12.00
# Visual Studio 15
VisualStudioVersion = 15.0.28010.2003
MinimumVisualStudioVersion = 10.0.40219.1
Project("{FAE04EC0-301F-11D3-BF4B-00C04F79EFBC}") = "myApi", "myApi\myApi.csproj", "{21EF1373-5C75-4425-A2DE-815298ACE5B1}"
EndProject
Project("{FAE04EC0-301F-11D3-BF4B-00C04F79EFBC}") = "myApi.test", "myApi.test\myApi.test.csproj", "{2931D52F-A81C-4C6F-B466-561E07C3A498}"
EndProject
Global
	GlobalSection(SolutionConfigurationPlatforms) = preSolution
		Debug|Any CPU = Debug|Any CPU
		Release|Any CPU = Release|Any CPU
	EndGlobalSection
	GlobalSection(ProjectConfigurationPlatforms) = postSolution
		{21EF1373-5C75-4425-A2DE-815298ACE5B1}.Debug|Any CPU.ActiveCfg = Debug|Any CPU
		{21EF1373-5C75-4425-A2DE-815298ACE5B1}.Debug|Any CPU.Build.0 = Debug|Any CPU
		{21EF1373-5C75-4425-A2DE-815298ACE5B1}.Release|Any CPU.ActiveCfg = Release|Any CPU
		{21EF1373-5C75-4425-A2DE-815298ACE5B1}.Release|Any CPU.Build.0 = Release|Any CPU
		{2931D52F-A81C-4C6F-B466-561E07C3A498}.Debug|Any CPU.ActiveCfg = Debug|Any CPU
		{2931D52F-A81C-4C6F-B466-561E07C3A498}.Debug|Any CPU.Build.0 = Debug|Any CPU
		{2931D52F-A81C-4C6F-B466-561E07C3A498}.Release|Any CPU.ActiveCfg = Release|Any CPU
		{2931D52F-A81C-4C6F-B466-561E07C3A498}.Release|Any CPU.Build.0 = Release|Any CPU
	EndGlobalSection
	GlobalSection(SolutionProperties) = preSolution
		HideSolutionNode = FALSE
	EndGlobalSection
	GlobalSection(ExtensibilityGlobals) = postSolution
		SolutionGuid = {91887D3E-01A7-4054-8D41-D000C2656304}
	EndGlobalSection
EndGlobal
